
Microsoft Visual Studio Solution File, Format Version 12.00
# Visual Studio Version 16
VisualStudioVersion = 16.0.30114.105
MinimumVisualStudioVersion = 10.0.40219.1
Project("{9A19103F-16F7-4668-BE54-9A1E7A4F7556}") = "Fitstic_Hackathon_4", "Fitstic_Hackathon_4\Fitstic_Hackathon_4.csproj", "{0F244B60-2237-4A94-AA56-FFE2CA316846}"
EndProject
Global
	GlobalSection(SolutionConfigurationPlatforms) = preSolution
		Debug|Any CPU = Debug|Any CPU
		Release|Any CPU = Release|Any CPU
	EndGlobalSection
	GlobalSection(ProjectConfigurationPlatforms) = postSolution
		{0F244B60-2237-4A94-AA56-FFE2CA316846}.Debug|Any CPU.ActiveCfg = Debug|Any CPU
		{0F244B60-2237-4A94-AA56-FFE2CA316846}.Debug|Any CPU.Build.0 = Debug|Any CPU
		{0F244B60-2237-4A94-AA56-FFE2CA316846}.Release|Any CPU.ActiveCfg = Release|Any CPU
		{0F244B60-2237-4A94-AA56-FFE2CA316846}.Release|Any CPU.Build.0 = Release|Any CPU
	EndGlobalSection
	GlobalSection(SolutionProperties) = preSolution
		HideSolutionNode = FALSE
	EndGlobalSection
	GlobalSection(ExtensibilityGlobals) = postSolution
		SolutionGuid = {BF92D865-EBCF-476D-A028-48E1E8F39A12}
	EndGlobalSection
EndGlobal
